
Microsoft Visual Studio Solution File, Format Version 12.00
# Visual Studio Version 17
VisualStudioVersion = 17.14.36414.22 d17.14
MinimumVisualStudioVersion = 10.0.40219.1
Project("{54A90642-561A-4BB1-A94E-469ADEE60C69}") = "lab1.client", "lab1.client\lab1.client.esproj", "{295BFB62-C7D1-626C-E513-4B0319050AF3}"
EndProject
Project("{FAE04EC0-301F-11D3-BF4B-00C04F79EFBC}") = "lab1.Server", "lab1.Server\lab1.Server.csproj", "{D5874F60-0A0A-402C-843D-6B37F396DBD6}"
EndProject
Global
	GlobalSection(SolutionConfigurationPlatforms) = preSolution
		Debug|Any CPU = Debug|Any CPU
		Release|Any CPU = Release|Any CPU
	EndGlobalSection
	GlobalSection(ProjectConfigurationPlatforms) = postSolution
		{295BFB62-C7D1-626C-E513-4B0319050AF3}.Debug|Any CPU.ActiveCfg = Debug|Any CPU
		{295BFB62-C7D1-626C-E513-4B0319050AF3}.Debug|Any CPU.Build.0 = Debug|Any CPU
		{295BFB62-C7D1-626C-E513-4B0319050AF3}.Debug|Any CPU.Deploy.0 = Debug|Any CPU
		{295BFB62-C7D1-626C-E513-4B0319050AF3}.Release|Any CPU.ActiveCfg = Release|Any CPU
		{295BFB62-C7D1-626C-E513-4B0319050AF3}.Release|Any CPU.Build.0 = Release|Any CPU
		{295BFB62-C7D1-626C-E513-4B0319050AF3}.Release|Any CPU.Deploy.0 = Release|Any CPU
		{D5874F60-0A0A-402C-843D-6B37F396DBD6}.Debug|Any CPU.ActiveCfg = Debug|Any CPU
		{D5874F60-0A0A-402C-843D-6B37F396DBD6}.Debug|Any CPU.Build.0 = Debug|Any CPU
		{D5874F60-0A0A-402C-843D-6B37F396DBD6}.Release|Any CPU.ActiveCfg = Release|Any CPU
		{D5874F60-0A0A-402C-843D-6B37F396DBD6}.Release|Any CPU.Build.0 = Release|Any CPU
	EndGlobalSection
	GlobalSection(SolutionProperties) = preSolution
		HideSolutionNode = FALSE
	EndGlobalSection
	GlobalSection(ExtensibilityGlobals) = postSolution
		SolutionGuid = {424AB286-B5F4-42D5-9A76-242406BAD5DA}
	EndGlobalSection
EndGlobal
